
Microsoft Visual Studio Solution File, Format Version 12.00
# Visual Studio Version 16
VisualStudioVersion = 16.0.30523.141
MinimumVisualStudioVersion = 10.0.40219.1
Project("{9A19103F-16F7-4668-BE54-9A1E7A4F7556}") = "clubis.DataAccessLayer", "DataAccessLayer\clubis.DataAccessLayer.csproj", "{655FF303-534A-4800-A666-8D9BDFAA5714}"
EndProject
Project("{9A19103F-16F7-4668-BE54-9A1E7A4F7556}") = "clubis.BusinessLayer", "BusinessLayer\clubis.BusinessLayer.csproj", "{DA47F3C0-8C9A-4365-B028-188BC0FC7236}"
EndProject
Project("{9A19103F-16F7-4668-BE54-9A1E7A4F7556}") = "clubis.WebAPI", "WebAPI\clubis.WebAPI.csproj", "{47BC2BDF-FD28-4D5D-881C-09DF23195227}"
EndProject
Project("{9A19103F-16F7-4668-BE54-9A1E7A4F7556}") = "clubis.Web", "Web\clubis.Web.csproj", "{8C20F4B6-3F56-40D7-A07B-270BCC39A089}"
EndProject
Global
	GlobalSection(SolutionConfigurationPlatforms) = preSolution
		Debug|Any CPU = Debug|Any CPU
		Release|Any CPU = Release|Any CPU
	EndGlobalSection
	GlobalSection(ProjectConfigurationPlatforms) = postSolution
		{655FF303-534A-4800-A666-8D9BDFAA5714}.Debug|Any CPU.ActiveCfg = Debug|Any CPU
		{655FF303-534A-4800-A666-8D9BDFAA5714}.Debug|Any CPU.Build.0 = Debug|Any CPU
		{655FF303-534A-4800-A666-8D9BDFAA5714}.Release|Any CPU.ActiveCfg = Release|Any CPU
		{655FF303-534A-4800-A666-8D9BDFAA5714}.Release|Any CPU.Build.0 = Release|Any CPU
		{DA47F3C0-8C9A-4365-B028-188BC0FC7236}.Debug|Any CPU.ActiveCfg = Debug|Any CPU
		{DA47F3C0-8C9A-4365-B028-188BC0FC7236}.Debug|Any CPU.Build.0 = Debug|Any CPU
		{DA47F3C0-8C9A-4365-B028-188BC0FC7236}.Release|Any CPU.ActiveCfg = Release|Any CPU
		{DA47F3C0-8C9A-4365-B028-188BC0FC7236}.Release|Any CPU.Build.0 = Release|Any CPU
		{47BC2BDF-FD28-4D5D-881C-09DF23195227}.Debug|Any CPU.ActiveCfg = Debug|Any CPU
		{47BC2BDF-FD28-4D5D-881C-09DF23195227}.Debug|Any CPU.Build.0 = Debug|Any CPU
		{47BC2BDF-FD28-4D5D-881C-09DF23195227}.Release|Any CPU.ActiveCfg = Release|Any CPU
		{47BC2BDF-FD28-4D5D-881C-09DF23195227}.Release|Any CPU.Build.0 = Release|Any CPU
		{8C20F4B6-3F56-40D7-A07B-270BCC39A089}.Debug|Any CPU.ActiveCfg = Debug|Any CPU
		{8C20F4B6-3F56-40D7-A07B-270BCC39A089}.Debug|Any CPU.Build.0 = Debug|Any CPU
		{8C20F4B6-3F56-40D7-A07B-270BCC39A089}.Release|Any CPU.ActiveCfg = Release|Any CPU
		{8C20F4B6-3F56-40D7-A07B-270BCC39A089}.Release|Any CPU.Build.0 = Release|Any CPU
	EndGlobalSection
	GlobalSection(SolutionProperties) = preSolution
		HideSolutionNode = FALSE
	EndGlobalSection
	GlobalSection(ExtensibilityGlobals) = postSolution
		SolutionGuid = {EFF6F1D9-4DCB-4EFB-A5A6-08694D5B45FC}
	EndGlobalSection
EndGlobal
